
Microsoft Visual Studio Solution File, Format Version 12.00
# Visual Studio Version 16
VisualStudioVersion = 16.0.31515.178
MinimumVisualStudioVersion = 10.0.40219.1
Project("{FAE04EC0-301F-11D3-BF4B-00C04F79EFBC}") = "marble-game", "marble-game\marble-game.csproj", "{18D0742F-A5AD-41E9-A332-19DB6F6CFBEE}"
EndProject
Global
	GlobalSection(SolutionConfigurationPlatforms) = preSolution
		Debug|Any CPU = Debug|Any CPU
		Release|Any CPU = Release|Any CPU
	EndGlobalSection
	GlobalSection(ProjectConfigurationPlatforms) = postSolution
		{18D0742F-A5AD-41E9-A332-19DB6F6CFBEE}.Debug|Any CPU.ActiveCfg = Debug|Any CPU
		{18D0742F-A5AD-41E9-A332-19DB6F6CFBEE}.Debug|Any CPU.Build.0 = Debug|Any CPU
		{18D0742F-A5AD-41E9-A332-19DB6F6CFBEE}.Release|Any CPU.ActiveCfg = Release|Any CPU
		{18D0742F-A5AD-41E9-A332-19DB6F6CFBEE}.Release|Any CPU.Build.0 = Release|Any CPU
	EndGlobalSection
	GlobalSection(SolutionProperties) = preSolution
		HideSolutionNode = FALSE
	EndGlobalSection
	GlobalSection(ExtensibilityGlobals) = postSolution
		SolutionGuid = {5E9C26A5-64DB-48BC-B9FD-1104B6D21BB2}
	EndGlobalSection
EndGlobal
