
Microsoft Visual Studio Solution File, Format Version 12.00
# Visual Studio Version 16
VisualStudioVersion = 16.0.31515.178
MinimumVisualStudioVersion = 10.0.40219.1
Project("{FAE04EC0-301F-11D3-BF4B-00C04F79EFBC}") = "delagate", "delagate\delagate.csproj", "{D7B2D937-B9F7-4D29-A85B-AE15DEF15447}"
EndProject
Global
	GlobalSection(SolutionConfigurationPlatforms) = preSolution
		Debug|Any CPU = Debug|Any CPU
		Release|Any CPU = Release|Any CPU
	EndGlobalSection
	GlobalSection(ProjectConfigurationPlatforms) = postSolution
		{D7B2D937-B9F7-4D29-A85B-AE15DEF15447}.Debug|Any CPU.ActiveCfg = Debug|Any CPU
		{D7B2D937-B9F7-4D29-A85B-AE15DEF15447}.Debug|Any CPU.Build.0 = Debug|Any CPU
		{D7B2D937-B9F7-4D29-A85B-AE15DEF15447}.Release|Any CPU.ActiveCfg = Release|Any CPU
		{D7B2D937-B9F7-4D29-A85B-AE15DEF15447}.Release|Any CPU.Build.0 = Release|Any CPU
	EndGlobalSection
	GlobalSection(SolutionProperties) = preSolution
		HideSolutionNode = FALSE
	EndGlobalSection
	GlobalSection(ExtensibilityGlobals) = postSolution
		SolutionGuid = {FA39EA8A-9D9A-4C69-A5D0-624DB117B5DC}
	EndGlobalSection
EndGlobal
